// !$*UTF8*$!
{
	archiveVersion = 1;
	classes = {
	};
	objectVersion = 55;
	objects = {

/* Begin PBXBuildFile section */
		20903FD52792DD2F00319538 /* SginUpVC.swift in Sources */ = {isa = PBXBuildFile; fileRef = 20903FD42792DD2F00319538 /* SginUpVC.swift */; };
		20903FD72792E66100319538 /* ChatsVC.swift in Sources */ = {isa = PBXBuildFile; fileRef = 20903FD62792E66100319538 /* ChatsVC.swift */; };
		20903FDD2793259800319538 /* ProfileVC.swift in Sources */ = {isa = PBXBuildFile; fileRef = 20903FDC2793259800319538 /* ProfileVC.swift */; };
		20903FE0279328F200319538 /* ChatCellVC.swift in Sources */ = {isa = PBXBuildFile; fileRef = 20903FDF279328F200319538 /* ChatCellVC.swift */; };
		20903FE227932DBB00319538 /* Messages.swift in Sources */ = {isa = PBXBuildFile; fileRef = 20903FE127932DBB00319538 /* Messages.swift */; };
		20903FE52793655800319538 /* IQKeyboardManagerSwift in Frameworks */ = {isa = PBXBuildFile; productRef = 20903FE42793655800319538 /* IQKeyboardManagerSwift */; };
		20903FE827937DD000319538 /* Custom.swift in Sources */ = {isa = PBXBuildFile; fileRef = 20903FE727937DD000319538 /* Custom.swift */; };
		20B59FC82791B12C002C4F15 /* AppDelegate.swift in Sources */ = {isa = PBXBuildFile; fileRef = 20B59FC72791B12C002C4F15 /* AppDelegate.swift */; };
		20B59FCA2791B12C002C4F15 /* SceneDelegate.swift in Sources */ = {isa = PBXBuildFile; fileRef = 20B59FC92791B12C002C4F15 /* SceneDelegate.swift */; };
		20B59FCC2791B12C002C4F15 /* LoginVC.swift in Sources */ = {isa = PBXBuildFile; fileRef = 20B59FCB2791B12C002C4F15 /* LoginVC.swift */; };
		20B59FCF2791B12C002C4F15 /* Main.storyboard in Resources */ = {isa = PBXBuildFile; fileRef = 20B59FCD2791B12C002C4F15 /* Main.storyboard */; };
		20B59FD12791B12F002C4F15 /* Assets.xcassets in Resources */ = {isa = PBXBuildFile; fileRef = 20B59FD02791B12F002C4F15 /* Assets.xcassets */; };
		20B59FD42791B12F002C4F15 /* LaunchScreen.storyboard in Resources */ = {isa = PBXBuildFile; fileRef = 20B59FD22791B12F002C4F15 /* LaunchScreen.storyboard */; };
		20B59FDF2791B43D002C4F15 /* GoogleService-Info.plist in Resources */ = {isa = PBXBuildFile; fileRef = 20B59FDE2791B43D002C4F15 /* GoogleService-Info.plist */; };
		20B59FE92791B667002C4F15 /* FirebaseAuth in Frameworks */ = {isa = PBXBuildFile; productRef = 20B59FE82791B667002C4F15 /* FirebaseAuth */; };
		20B59FEB2791B667002C4F15 /* FirebaseFirestore in Frameworks */ = {isa = PBXBuildFile; productRef = 20B59FEA2791B667002C4F15 /* FirebaseFirestore */; };
		20B59FED2791B667002C4F15 /* FirebaseStorage in Frameworks */ = {isa = PBXBuildFile; productRef = 20B59FEC2791B667002C4F15 /* FirebaseStorage */; };
/* End PBXBuildFile section */

/* Begin PBXFileReference section */
		20903FD42792DD2F00319538 /* SginUpVC.swift */ = {isa = PBXFileReference; lastKnownFileType = sourcecode.swift; path = SginUpVC.swift; sourceTree = "<group>"; };
		20903FD62792E66100319538 /* ChatsVC.swift */ = {isa = PBXFileReference; lastKnownFileType = sourcecode.swift; path = ChatsVC.swift; sourceTree = "<group>"; };
		20903FDC2793259800319538 /* ProfileVC.swift */ = {isa = PBXFileReference; lastKnownFileType = sourcecode.swift; path = ProfileVC.swift; sourceTree = "<group>"; };
		20903FDF279328F200319538 /* ChatCellVC.swift */ = {isa = PBXFileReference; lastKnownFileType = sourcecode.swift; path = ChatCellVC.swift; sourceTree = "<group>"; };
		20903FE127932DBB00319538 /* Messages.swift */ = {isa = PBXFileReference; lastKnownFileType = sourcecode.swift; path = Messages.swift; sourceTree = "<group>"; };
		20903FE727937DD000319538 /* Custom.swift */ = {isa = PBXFileReference; lastKnownFileType = sourcecode.swift; path = Custom.swift; sourceTree = "<group>"; };
		20B59FC42791B12C002C4F15 /* ChattingApp.app */ = {isa = PBXFileReference; explicitFileType = wrapper.application; includeInIndex = 0; path = ChattingApp.app; sourceTree = BUILT_PRODUCTS_DIR; };
		20B59FC72791B12C002C4F15 /* AppDelegate.swift */ = {isa = PBXFileReference; lastKnownFileType = sourcecode.swift; path = AppDelegate.swift; sourceTree = "<group>"; };
		20B59FC92791B12C002C4F15 /* SceneDelegate.swift */ = {isa = PBXFileReference; lastKnownFileType = sourcecode.swift; path = SceneDelegate.swift; sourceTree = "<group>"; };
		20B59FCB2791B12C002C4F15 /* LoginVC.swift */ = {isa = PBXFileReference; lastKnownFileType = sourcecode.swift; path = LoginVC.swift; sourceTree = "<group>"; };
		20B59FCE2791B12C002C4F15 /* Base */ = {isa = PBXFileReference; lastKnownFileType = file.storyboard; name = Base; path = Base.lproj/Main.storyboard; sourceTree = "<group>"; };
		20B59FD02791B12F002C4F15 /* Assets.xcassets */ = {isa = PBXFileReference; lastKnownFileType = folder.assetcatalog; path = Assets.xcassets; sourceTree = "<group>"; };
		20B59FD32791B12F002C4F15 /* Base */ = {isa = PBXFileReference; lastKnownFileType = file.storyboard; name = Base; path = Base.lproj/LaunchScreen.storyboard; sourceTree = "<group>"; };
		20B59FD52791B12F002C4F15 /* Info.plist */ = {isa = PBXFileReference; lastKnownFileType = text.plist.xml; path = Info.plist; sourceTree = "<group>"; };
		20B59FDE2791B43D002C4F15 /* GoogleService-Info.plist */ = {isa = PBXFileReference; fileEncoding = 4; lastKnownFileType = text.plist.xml; path = "GoogleService-Info.plist"; sourceTree = "<group>"; };
/* End PBXFileReference section */

/* Begin PBXFrameworksBuildPhase section */
		20B59FC12791B12B002C4F15 /* Frameworks */ = {
			isa = PBXFrameworksBuildPhase;
			buildActionMask = 2147483647;
			files = (
				20B59FE92791B667002C4F15 /* FirebaseAuth in Frameworks */,
				20903FE52793655800319538 /* IQKeyboardManagerSwift in Frameworks */,
				20B59FEB2791B667002C4F15 /* FirebaseFirestore in Frameworks */,
				20B59FED2791B667002C4F15 /* FirebaseStorage in Frameworks */,
			);
			runOnlyForDeploymentPostprocessing = 0;
		};
/* End PBXFrameworksBuildPhase section */

/* Begin PBXGroup section */
		20903FDE279328BF00319538 /* CellsVC */ = {
			isa = PBXGroup;
			children = (
				20903FDF279328F200319538 /* ChatCellVC.swift */,
			);
			path = CellsVC;
			sourceTree = "<group>";
		};
		20903FE62793729D00319538 /* Support */ = {
			isa = PBXGroup;
			children = (
				20B59FC72791B12C002C4F15 /* AppDelegate.swift */,
				20B59FC92791B12C002C4F15 /* SceneDelegate.swift */,
				20B59FD02791B12F002C4F15 /* Assets.xcassets */,
				20B59FD22791B12F002C4F15 /* LaunchScreen.storyboard */,
			);
			path = Support;
			sourceTree = "<group>";
		};
		20B59FBB2791B12B002C4F15 = {
			isa = PBXGroup;
			children = (
				20B59FC62791B12C002C4F15 /* ChattingApp */,
				20B59FC52791B12C002C4F15 /* Products */,
			);
			sourceTree = "<group>";
		};
		20B59FC52791B12C002C4F15 /* Products */ = {
			isa = PBXGroup;
			children = (
				20B59FC42791B12C002C4F15 /* ChattingApp.app */,
			);
			name = Products;
			sourceTree = "<group>";
		};
		20B59FC62791B12C002C4F15 /* ChattingApp */ = {
			isa = PBXGroup;
			children = (
				20B59FDB2791B398002C4F15 /* Model */,
				20B59FDC2791B3A0002C4F15 /* View */,
				20B59FDD2791B3AC002C4F15 /* Controller */,
				20903FE62793729D00319538 /* Support */,
				20B59FD52791B12F002C4F15 /* Info.plist */,
				20B59FDE2791B43D002C4F15 /* GoogleService-Info.plist */,
			);
			path = ChattingApp;
			sourceTree = "<group>";
		};
		20B59FDB2791B398002C4F15 /* Model */ = {
			isa = PBXGroup;
			children = (
				20903FE127932DBB00319538 /* Messages.swift */,
				20903FE727937DD000319538 /* Custom.swift */,
			);
			path = Model;
			sourceTree = "<group>";
		};
		20B59FDC2791B3A0002C4F15 /* View */ = {
			isa = PBXGroup;
			children = (
				20B59FCD2791B12C002C4F15 /* Main.storyboard */,
			);
			path = View;
			sourceTree = "<group>";
		};
		20B59FDD2791B3AC002C4F15 /* Controller */ = {
			isa = PBXGroup;
			children = (
				20903FD62792E66100319538 /* ChatsVC.swift */,
				20903FD42792DD2F00319538 /* SginUpVC.swift */,
				20B59FCB2791B12C002C4F15 /* LoginVC.swift */,
				20903FDC2793259800319538 /* ProfileVC.swift */,
				20903FDE279328BF00319538 /* CellsVC */,
			);
			path = Controller;
			sourceTree = "<group>";
		};
/* End PBXGroup section */

/* Begin PBXNativeTarget section */
		20B59FC32791B12B002C4F15 /* ChattingApp */ = {
			isa = PBXNativeTarget;
			buildConfigurationList = 20B59FD82791B12F002C4F15 /* Build configuration list for PBXNativeTarget "ChattingApp" */;
			buildPhases = (
				20B59FC02791B12B002C4F15 /* Sources */,
				20B59FC12791B12B002C4F15 /* Frameworks */,
				20B59FC22791B12B002C4F15 /* Resources */,
			);
			buildRules = (
			);
			dependencies = (
			);
			name = ChattingApp;
			packageProductDependencies = (
				20B59FE82791B667002C4F15 /* FirebaseAuth */,
				20B59FEA2791B667002C4F15 /* FirebaseFirestore */,
				20B59FEC2791B667002C4F15 /* FirebaseStorage */,
				20903FE42793655800319538 /* IQKeyboardManagerSwift */,
			);
			productName = ChattingApp;
			productReference = 20B59FC42791B12C002C4F15 /* ChattingApp.app */;
			productType = "com.apple.product-type.application";
		};
/* End PBXNativeTarget section */

/* Begin PBXProject section */
		20B59FBC2791B12B002C4F15 /* Project object */ = {
			isa = PBXProject;
			attributes = {
				BuildIndependentTargetsInParallel = 1;
				LastSwiftUpdateCheck = 1310;
				LastUpgradeCheck = 1310;
				TargetAttributes = {
					20B59FC32791B12B002C4F15 = {
						CreatedOnToolsVersion = 13.1;
					};
				};
			};
			buildConfigurationList = 20B59FBF2791B12B002C4F15 /* Build configuration list for PBXProject "ChattingApp" */;
			compatibilityVersion = "Xcode 13.0";
			developmentRegion = en;
			hasScannedForEncodings = 0;
			knownRegions = (
				en,
				Base,
			);
			mainGroup = 20B59FBB2791B12B002C4F15;
			packageReferences = (
				20B59FE72791B667002C4F15 /* XCRemoteSwiftPackageReference "firebase-ios-sdk" */,
				20903FE32793655700319538 /* XCRemoteSwiftPackageReference "IQKeyboardManager" */,
			);
			productRefGroup = 20B59FC52791B12C002C4F15 /* Products */;
			projectDirPath = "";
			projectRoot = "";
			targets = (
				20B59FC32791B12B002C4F15 /* ChattingApp */,
			);
		};
/* End PBXProject section */

/* Begin PBXResourcesBuildPhase section */
		20B59FC22791B12B002C4F15 /* Resources */ = {
			isa = PBXResourcesBuildPhase;
			buildActionMask = 2147483647;
			files = (
				20B59FD42791B12F002C4F15 /* LaunchScreen.storyboard in Resources */,
				20B59FD12791B12F002C4F15 /* Assets.xcassets in Resources */,
				20B59FDF2791B43D002C4F15 /* GoogleService-Info.plist in Resources */,
				20B59FCF2791B12C002C4F15 /* Main.storyboard in Resources */,
			);
			runOnlyForDeploymentPostprocessing = 0;
		};
/* End PBXResourcesBuildPhase section */

/* Begin PBXSourcesBuildPhase section */
		20B59FC02791B12B002C4F15 /* Sources */ = {
			isa = PBXSourcesBuildPhase;
			buildActionMask = 2147483647;
			files = (
				20903FE0279328F200319538 /* ChatCellVC.swift in Sources */,
				20903FE227932DBB00319538 /* Messages.swift in Sources */,
				20903FD72792E66100319538 /* ChatsVC.swift in Sources */,
				20903FD52792DD2F00319538 /* SginUpVC.swift in Sources */,
				20903FDD2793259800319538 /* ProfileVC.swift in Sources */,
				20903FE827937DD000319538 /* Custom.swift in Sources */,
				20B59FCC2791B12C002C4F15 /* LoginVC.swift in Sources */,
				20B59FC82791B12C002C4F15 /* AppDelegate.swift in Sources */,
				20B59FCA2791B12C002C4F15 /* SceneDelegate.swift in Sources */,
			);
			runOnlyForDeploymentPostprocessing = 0;
		};
/* End PBXSourcesBuildPhase section */

/* Begin PBXVariantGroup section */
		20B59FCD2791B12C002C4F15 /* Main.storyboard */ = {
			isa = PBXVariantGroup;
			children = (
				20B59FCE2791B12C002C4F15 /* Base */,
			);
			name = Main.storyboard;
			sourceTree = "<group>";
		};
		20B59FD22791B12F002C4F15 /* LaunchScreen.storyboard */ = {
			isa = PBXVariantGroup;
			children = (
				20B59FD32791B12F002C4F15 /* Base */,
			);
			name = LaunchScreen.storyboard;
			sourceTree = "<group>";
		};
/* End PBXVariantGroup section */

/* Begin XCBuildConfiguration section */
		20B59FD62791B12F002C4F15 /* Debug */ = {
			isa = XCBuildConfiguration;
			buildSettings = {
				ALWAYS_SEARCH_USER_PATHS = NO;
				CLANG_ANALYZER_NONNULL = YES;
				CLANG_ANALYZER_NUMBER_OBJECT_CONVERSION = YES_AGGRESSIVE;
				CLANG_CXX_LANGUAGE_STANDARD = "gnu++17";
				CLANG_CXX_LIBRARY = "libc++";
				CLANG_ENABLE_MODULES = YES;
				CLANG_ENABLE_OBJC_ARC = YES;
				CLANG_ENABLE_OBJC_WEAK = YES;
				CLANG_WARN_BLOCK_CAPTURE_AUTORELEASING = YES;
				CLANG_WARN_BOOL_CONVERSION = YES;
				CLANG_WARN_COMMA = YES;
				CLANG_WARN_CONSTANT_CONVERSION = YES;
				CLANG_WARN_DEPRECATED_OBJC_IMPLEMENTATIONS = YES;
				CLANG_WARN_DIRECT_OBJC_ISA_USAGE = YES_ERROR;
				CLANG_WARN_DOCUMENTATION_COMMENTS = YES;
				CLANG_WARN_EMPTY_BODY = YES;
				CLANG_WARN_ENUM_CONVERSION = YES;
				CLANG_WARN_INFINITE_RECURSION = YES;
				CLANG_WARN_INT_CONVERSION = YES;
				CLANG_WARN_NON_LITERAL_NULL_CONVERSION = YES;
				CLANG_WARN_OBJC_IMPLICIT_RETAIN_SELF = YES;
				CLANG_WARN_OBJC_LITERAL_CONVERSION = YES;
				CLANG_WARN_OBJC_ROOT_CLASS = YES_ERROR;
				CLANG_WARN_QUOTED_INCLUDE_IN_FRAMEWORK_HEADER = YES;
				CLANG_WARN_RANGE_LOOP_ANALYSIS = YES;
				CLANG_WARN_STRICT_PROTOTYPES = YES;
				CLANG_WARN_SUSPICIOUS_MOVE = YES;
				CLANG_WARN_UNGUARDED_AVAILABILITY = YES_AGGRESSIVE;
				CLANG_WARN_UNREACHABLE_CODE = YES;
				CLANG_WARN__DUPLICATE_METHOD_MATCH = YES;
				COPY_PHASE_STRIP = NO;
				DEBUG_INFORMATION_FORMAT = dwarf;
				ENABLE_STRICT_OBJC_MSGSEND = YES;
				ENABLE_TESTABILITY = YES;
				GCC_C_LANGUAGE_STANDARD = gnu11;
				GCC_DYNAMIC_NO_PIC = NO;
				GCC_NO_COMMON_BLOCKS = YES;
				GCC_OPTIMIZATION_LEVEL = 0;
				GCC_PREPROCESSOR_DEFINITIONS = (
					"DEBUG=1",
					"$(inherited)",
				);
				GCC_WARN_64_TO_32_BIT_CONVERSION = YES;
				GCC_WARN_ABOUT_RETURN_TYPE = YES_ERROR;
				GCC_WARN_UNDECLARED_SELECTOR = YES;
				GCC_WARN_UNINITIALIZED_AUTOS = YES_AGGRESSIVE;
				GCC_WARN_UNUSED_FUNCTION = YES;
				GCC_WARN_UNUSED_VARIABLE = YES;
				IPHONEOS_DEPLOYMENT_TARGET = 15.0;
				MTL_ENABLE_DEBUG_INFO = INCLUDE_SOURCE;
				MTL_FAST_MATH = YES;
				ONLY_ACTIVE_ARCH = YES;
				SDKROOT = iphoneos;
				SWIFT_ACTIVE_COMPILATION_CONDITIONS = DEBUG;
				SWIFT_OPTIMIZATION_LEVEL = "-Onone";
			};
			name = Debug;
		};
		20B59FD72791B12F002C4F15 /* Release */ = {
			isa = XCBuildConfiguration;
			buildSettings = {
				ALWAYS_SEARCH_USER_PATHS = NO;
				CLANG_ANALYZER_NONNULL = YES;
				CLANG_ANALYZER_NUMBER_OBJECT_CONVERSION = YES_AGGRESSIVE;
				CLANG_CXX_LANGUAGE_STANDARD = "gnu++17";
				CLANG_CXX_LIBRARY = "libc++";
				CLANG_ENABLE_MODULES = YES;
				CLANG_ENABLE_OBJC_ARC = YES;
				CLANG_ENABLE_OBJC_WEAK = YES;
				CLANG_WARN_BLOCK_CAPTURE_AUTORELEASING = YES;
				CLANG_WARN_BOOL_CONVERSION = YES;
				CLANG_WARN_COMMA = YES;
				CLANG_WARN_CONSTANT_CONVERSION = YES;
				CLANG_WARN_DEPRECATED_OBJC_IMPLEMENTATIONS = YES;
				CLANG_WARN_DIRECT_OBJC_ISA_USAGE = YES_ERROR;
				CLANG_WARN_DOCUMENTATION_COMMENTS = YES;
				CLANG_WARN_EMPTY_BODY = YES;
				CLANG_WARN_ENUM_CONVERSION = YES;
				CLANG_WARN_INFINITE_RECURSION = YES;
				CLANG_WARN_INT_CONVERSION = YES;
				CLANG_WARN_NON_LITERAL_NULL_CONVERSION = YES;
				CLANG_WARN_OBJC_IMPLICIT_RETAIN_SELF = YES;
				CLANG_WARN_OBJC_LITERAL_CONVERSION = YES;
				CLANG_WARN_OBJC_ROOT_CLASS = YES_ERROR;
				CLANG_WARN_QUOTED_INCLUDE_IN_FRAMEWORK_HEADER = YES;
				CLANG_WARN_RANGE_LOOP_ANALYSIS = YES;
				CLANG_WARN_STRICT_PROTOTYPES = YES;
				CLANG_WARN_SUSPICIOUS_MOVE = YES;
				CLANG_WARN_UNGUARDED_AVAILABILITY = YES_AGGRESSIVE;
				CLANG_WARN_UNREACHABLE_CODE = YES;
				CLANG_WARN__DUPLICATE_METHOD_MATCH = YES;
				COPY_PHASE_STRIP = NO;
				DEBUG_INFORMATION_FORMAT = "dwarf-with-dsym";
				ENABLE_NS_ASSERTIONS = NO;
				ENABLE_STRICT_OBJC_MSGSEND = YES;
				GCC_C_LANGUAGE_STANDARD = gnu11;
				GCC_NO_COMMON_BLOCKS = YES;
				GCC_WARN_64_TO_32_BIT_CONVERSION = YES;
				GCC_WARN_ABOUT_RETURN_TYPE = YES_ERROR;
				GCC_WARN_UNDECLARED_SELECTOR = YES;
				GCC_WARN_UNINITIALIZED_AUTOS = YES_AGGRESSIVE;
				GCC_WARN_UNUSED_FUNCTION = YES;
				GCC_WARN_UNUSED_VARIABLE = YES;
				IPHONEOS_DEPLOYMENT_TARGET = 15.0;
				MTL_ENABLE_DEBUG_INFO = NO;
				MTL_FAST_MATH = YES;
				SDKROOT = iphoneos;
				SWIFT_COMPILATION_MODE = wholemodule;
				SWIFT_OPTIMIZATION_LEVEL = "-O";
				VALIDATE_PRODUCT = YES;
			};
			name = Release;
		};
		20B59FD92791B12F002C4F15 /* Debug */ = {
			isa = XCBuildConfiguration;
			buildSettings = {
				ASSETCATALOG_COMPILER_APPICON_NAME = AppIcon;
				ASSETCATALOG_COMPILER_GLOBAL_ACCENT_COLOR_NAME = AccentColor;
				CODE_SIGN_STYLE = Automatic;
				CURRENT_PROJECT_VERSION = 1;
				DEVELOPMENT_TEAM = 8KR6LU68Z5;
				GENERATE_INFOPLIST_FILE = YES;
				INFOPLIST_FILE = ChattingApp/Info.plist;
				INFOPLIST_KEY_UIApplicationSupportsIndirectInputEvents = YES;
				INFOPLIST_KEY_UILaunchStoryboardName = LaunchScreen;
				INFOPLIST_KEY_UIMainStoryboardFile = Main;
				INFOPLIST_KEY_UISupportedInterfaceOrientations_iPad = "UIInterfaceOrientationPortrait UIInterfaceOrientationPortraitUpsideDown UIInterfaceOrientationLandscapeLeft UIInterfaceOrientationLandscapeRight";
				INFOPLIST_KEY_UISupportedInterfaceOrientations_iPhone = "UIInterfaceOrientationPortrait UIInterfaceOrientationLandscapeLeft UIInterfaceOrientationLandscapeRight";
				LD_RUNPATH_SEARCH_PATHS = (
					"$(inherited)",
					"@executable_path/Frameworks",
				);
				MARKETING_VERSION = 1.0;
				PRODUCT_BUNDLE_IDENTIFIER = com.ameera.ChattingApp;
				PRODUCT_NAME = "$(TARGET_NAME)";
				SWIFT_EMIT_LOC_STRINGS = YES;
				SWIFT_VERSION = 5.0;
				TARGETED_DEVICE_FAMILY = "1,2";
			};
			name = Debug;
		};
		20B59FDA2791B12F002C4F15 /* Release */ = {
			isa = XCBuildConfiguration;
			buildSettings = {
				ASSETCATALOG_COMPILER_APPICON_NAME = AppIcon;
				ASSETCATALOG_COMPILER_GLOBAL_ACCENT_COLOR_NAME = AccentColor;
				CODE_SIGN_STYLE = Automatic;
				CURRENT_PROJECT_VERSION = 1;
				DEVELOPMENT_TEAM = 8KR6LU68Z5;
				GENERATE_INFOPLIST_FILE = YES;
				INFOPLIST_FILE = ChattingApp/Info.plist;
				INFOPLIST_KEY_UIApplicationSupportsIndirectInputEvents = YES;
				INFOPLIST_KEY_UILaunchStoryboardName = LaunchScreen;
				INFOPLIST_KEY_UIMainStoryboardFile = Main;
				INFOPLIST_KEY_UISupportedInterfaceOrientations_iPad = "UIInterfaceOrientationPortrait UIInterfaceOrientationPortraitUpsideDown UIInterfaceOrientationLandscapeLeft UIInterfaceOrientationLandscapeRight";
				INFOPLIST_KEY_UISupportedInterfaceOrientations_iPhone = "UIInterfaceOrientationPortrait UIInterfaceOrientationLandscapeLeft UIInterfaceOrientationLandscapeRight";
				LD_RUNPATH_SEARCH_PATHS = (
					"$(inherited)",
					"@executable_path/Frameworks",
				);
				MARKETING_VERSION = 1.0;
				PRODUCT_BUNDLE_IDENTIFIER = com.ameera.ChattingApp;
				PRODUCT_NAME = "$(TARGET_NAME)";
				SWIFT_EMIT_LOC_STRINGS = YES;
				SWIFT_VERSION = 5.0;
				TARGETED_DEVICE_FAMILY = "1,2";
			};
			name = Release;
		};
/* End XCBuildConfiguration section */

/* Begin XCConfigurationList section */
		20B59FBF2791B12B002C4F15 /* Build configuration list for PBXProject "ChattingApp" */ = {
			isa = XCConfigurationList;
			buildConfigurations = (
				20B59FD62791B12F002C4F15 /* Debug */,
				20B59FD72791B12F002C4F15 /* Release */,
			);
			defaultConfigurationIsVisible = 0;
			defaultConfigurationName = Release;
		};
		20B59FD82791B12F002C4F15 /* Build configuration list for PBXNativeTarget "ChattingApp" */ = {
			isa = XCConfigurationList;
			buildConfigurations = (
				20B59FD92791B12F002C4F15 /* Debug */,
				20B59FDA2791B12F002C4F15 /* Release */,
			);
			defaultConfigurationIsVisible = 0;
			defaultConfigurationName = Release;
		};
/* End XCConfigurationList section */

/* Begin XCRemoteSwiftPackageReference section */
		20903FE32793655700319538 /* XCRemoteSwiftPackageReference "IQKeyboardManager" */ = {
			isa = XCRemoteSwiftPackageReference;
			repositoryURL = "https://github.com/hackiftekhar/IQKeyboardManager";
			requirement = {
				kind = upToNextMajorVersion;
				minimumVersion = 6.0.0;
			};
		};
		20B59FE72791B667002C4F15 /* XCRemoteSwiftPackageReference "firebase-ios-sdk" */ = {
			isa = XCRemoteSwiftPackageReference;
			repositoryURL = "https://github.com/firebase/firebase-ios-sdk";
			requirement = {
				kind = upToNextMajorVersion;
				minimumVersion = 8.10.0;
			};
		};
/* End XCRemoteSwiftPackageReference section */

/* Begin XCSwiftPackageProductDependency section */
		20903FE42793655800319538 /* IQKeyboardManagerSwift */ = {
			isa = XCSwiftPackageProductDependency;
			package = 20903FE32793655700319538 /* XCRemoteSwiftPackageReference "IQKeyboardManager" */;
			productName = IQKeyboardManagerSwift;
		};
		20B59FE82791B667002C4F15 /* FirebaseAuth */ = {
			isa = XCSwiftPackageProductDependency;
			package = 20B59FE72791B667002C4F15 /* XCRemoteSwiftPackageReference "firebase-ios-sdk" */;
			productName = FirebaseAuth;
		};
		20B59FEA2791B667002C4F15 /* FirebaseFirestore */ = {
			isa = XCSwiftPackageProductDependency;
			package = 20B59FE72791B667002C4F15 /* XCRemoteSwiftPackageReference "firebase-ios-sdk" */;
			productName = FirebaseFirestore;
		};
		20B59FEC2791B667002C4F15 /* FirebaseStorage */ = {
			isa = XCSwiftPackageProductDependency;
			package = 20B59FE72791B667002C4F15 /* XCRemoteSwiftPackageReference "firebase-ios-sdk" */;
			productName = FirebaseStorage;
		};
/* End XCSwiftPackageProductDependency section */
	};
	rootObject = 20B59FBC2791B12B002C4F15 /* Project object */;
}
