// !$*UTF8*$!
{
	archiveVersion = 1;
	classes = {
	};
	objectVersion = 55;
	objects = {

/* Begin PBXBuildFile section */
		5152A1D42792C7E500CBC503 /* AppDelegate.swift in Sources */ = {isa = PBXBuildFile; fileRef = 5152A1D32792C7E500CBC503 /* AppDelegate.swift */; };
		5152A1D62792C7E500CBC503 /* SceneDelegate.swift in Sources */ = {isa = PBXBuildFile; fileRef = 5152A1D52792C7E500CBC503 /* SceneDelegate.swift */; };
		5152A1D82792C7E500CBC503 /* ViewController.swift in Sources */ = {isa = PBXBuildFile; fileRef = 5152A1D72792C7E500CBC503 /* ViewController.swift */; };
		5152A1DD2792C7E800CBC503 /* Assets.xcassets in Resources */ = {isa = PBXBuildFile; fileRef = 5152A1DC2792C7E800CBC503 /* Assets.xcassets */; };
		5152A1E02792C7E800CBC503 /* LaunchScreen.storyboard in Resources */ = {isa = PBXBuildFile; fileRef = 5152A1DE2792C7E800CBC503 /* LaunchScreen.storyboard */; };
		5152A1E82792C9BA00CBC503 /* GoogleService-Info.plist in Resources */ = {isa = PBXBuildFile; fileRef = 5152A1E72792C9BA00CBC503 /* GoogleService-Info.plist */; };
		5152A1EA2792CDC000CBC503 /* Model.swift in Sources */ = {isa = PBXBuildFile; fileRef = 5152A1E92792CDC000CBC503 /* Model.swift */; };
		5152A1EC2792CDE600CBC503 /* LoginVC.swift in Sources */ = {isa = PBXBuildFile; fileRef = 5152A1EB2792CDE600CBC503 /* LoginVC.swift */; };
		5152A1EE2792CE4A00CBC503 /* ContactsVC.swift in Sources */ = {isa = PBXBuildFile; fileRef = 5152A1ED2792CE4A00CBC503 /* ContactsVC.swift */; };
		5152A1F22792CE8C00CBC503 /* DirectMessageVC.swift in Sources */ = {isa = PBXBuildFile; fileRef = 5152A1F12792CE8C00CBC503 /* DirectMessageVC.swift */; };
		5152A1F52792CF1500CBC503 /* MessagesService.swift in Sources */ = {isa = PBXBuildFile; fileRef = 5152A1F42792CF1500CBC503 /* MessagesService.swift */; };
		5152A1F72792CF3500CBC503 /* UsersService.swift in Sources */ = {isa = PBXBuildFile; fileRef = 5152A1F62792CF3500CBC503 /* UsersService.swift */; };
		5152A1F92792D2BD00CBC503 /* TabVC.swift in Sources */ = {isa = PBXBuildFile; fileRef = 5152A1F82792D2BD00CBC503 /* TabVC.swift */; };
		5F4049D7D15711FB5E3504BA /* Pods_ChatApp.framework in Frameworks */ = {isa = PBXBuildFile; fileRef = DD0F033CBA4126DA07C2A5D1 /* Pods_ChatApp.framework */; };
/* End PBXBuildFile section */

/* Begin PBXFileReference section */
		1B207FE67D78AABD49258302 /* Pods-ChatApp.release.xcconfig */ = {isa = PBXFileReference; includeInIndex = 1; lastKnownFileType = text.xcconfig; name = "Pods-ChatApp.release.xcconfig"; path = "Target Support Files/Pods-ChatApp/Pods-ChatApp.release.xcconfig"; sourceTree = "<group>"; };
		5152A1D02792C7E500CBC503 /* ChatApp.app */ = {isa = PBXFileReference; explicitFileType = wrapper.application; includeInIndex = 0; path = ChatApp.app; sourceTree = BUILT_PRODUCTS_DIR; };
		5152A1D32792C7E500CBC503 /* AppDelegate.swift */ = {isa = PBXFileReference; lastKnownFileType = sourcecode.swift; path = AppDelegate.swift; sourceTree = "<group>"; };
		5152A1D52792C7E500CBC503 /* SceneDelegate.swift */ = {isa = PBXFileReference; lastKnownFileType = sourcecode.swift; path = SceneDelegate.swift; sourceTree = "<group>"; };
		5152A1D72792C7E500CBC503 /* ViewController.swift */ = {isa = PBXFileReference; lastKnownFileType = sourcecode.swift; path = ViewController.swift; sourceTree = "<group>"; };
		5152A1DC2792C7E800CBC503 /* Assets.xcassets */ = {isa = PBXFileReference; lastKnownFileType = folder.assetcatalog; path = Assets.xcassets; sourceTree = "<group>"; };
		5152A1DF2792C7E800CBC503 /* Base */ = {isa = PBXFileReference; lastKnownFileType = file.storyboard; name = Base; path = Base.lproj/LaunchScreen.storyboard; sourceTree = "<group>"; };
		5152A1E12792C7E800CBC503 /* Info.plist */ = {isa = PBXFileReference; lastKnownFileType = text.plist.xml; path = Info.plist; sourceTree = "<group>"; };
		5152A1E72792C9BA00CBC503 /* GoogleService-Info.plist */ = {isa = PBXFileReference; fileEncoding = 4; lastKnownFileType = text.plist.xml; path = "GoogleService-Info.plist"; sourceTree = "<group>"; };
		5152A1E92792CDC000CBC503 /* Model.swift */ = {isa = PBXFileReference; lastKnownFileType = sourcecode.swift; path = Model.swift; sourceTree = "<group>"; };
		5152A1EB2792CDE600CBC503 /* LoginVC.swift */ = {isa = PBXFileReference; lastKnownFileType = sourcecode.swift; path = LoginVC.swift; sourceTree = "<group>"; };
		5152A1ED2792CE4A00CBC503 /* ContactsVC.swift */ = {isa = PBXFileReference; lastKnownFileType = sourcecode.swift; path = ContactsVC.swift; sourceTree = "<group>"; };
		5152A1F12792CE8C00CBC503 /* DirectMessageVC.swift */ = {isa = PBXFileReference; lastKnownFileType = sourcecode.swift; path = DirectMessageVC.swift; sourceTree = "<group>"; };
		5152A1F42792CF1500CBC503 /* MessagesService.swift */ = {isa = PBXFileReference; lastKnownFileType = sourcecode.swift; path = MessagesService.swift; sourceTree = "<group>"; };
		5152A1F62792CF3500CBC503 /* UsersService.swift */ = {isa = PBXFileReference; lastKnownFileType = sourcecode.swift; path = UsersService.swift; sourceTree = "<group>"; };
		5152A1F82792D2BD00CBC503 /* TabVC.swift */ = {isa = PBXFileReference; lastKnownFileType = sourcecode.swift; path = TabVC.swift; sourceTree = "<group>"; };
		C3366EEAFC7D4E7B14EC6B03 /* Pods-ChatApp.debug.xcconfig */ = {isa = PBXFileReference; includeInIndex = 1; lastKnownFileType = text.xcconfig; name = "Pods-ChatApp.debug.xcconfig"; path = "Target Support Files/Pods-ChatApp/Pods-ChatApp.debug.xcconfig"; sourceTree = "<group>"; };
		DD0F033CBA4126DA07C2A5D1 /* Pods_ChatApp.framework */ = {isa = PBXFileReference; explicitFileType = wrapper.framework; includeInIndex = 0; path = Pods_ChatApp.framework; sourceTree = BUILT_PRODUCTS_DIR; };
/* End PBXFileReference section */

/* Begin PBXFrameworksBuildPhase section */
		5152A1CD2792C7E500CBC503 /* Frameworks */ = {
			isa = PBXFrameworksBuildPhase;
			buildActionMask = 2147483647;
			files = (
				5F4049D7D15711FB5E3504BA /* Pods_ChatApp.framework in Frameworks */,
			);
			runOnlyForDeploymentPostprocessing = 0;
		};
/* End PBXFrameworksBuildPhase section */

/* Begin PBXGroup section */
		273F5AAF3CF587F6AF621D8B /* Frameworks */ = {
			isa = PBXGroup;
			children = (
				DD0F033CBA4126DA07C2A5D1 /* Pods_ChatApp.framework */,
			);
			name = Frameworks;
			sourceTree = "<group>";
		};
		5152A1C72792C7E500CBC503 = {
			isa = PBXGroup;
			children = (
				5152A1D22792C7E500CBC503 /* ChatApp */,
				5152A1E72792C9BA00CBC503 /* GoogleService-Info.plist */,
				5152A1D12792C7E500CBC503 /* Products */,
				D27D3D92B72CF3355F663ADA /* Pods */,
				273F5AAF3CF587F6AF621D8B /* Frameworks */,
			);
			sourceTree = "<group>";
		};
		5152A1D12792C7E500CBC503 /* Products */ = {
			isa = PBXGroup;
			children = (
				5152A1D02792C7E500CBC503 /* ChatApp.app */,
			);
			name = Products;
			sourceTree = "<group>";
		};
		5152A1D22792C7E500CBC503 /* ChatApp */ = {
			isa = PBXGroup;
			children = (
				5152A1F32792CEF100CBC503 /* Services */,
				5152A1D72792C7E500CBC503 /* ViewController.swift */,
				5152A1ED2792CE4A00CBC503 /* ContactsVC.swift */,
				5152A1EB2792CDE600CBC503 /* LoginVC.swift */,
				5152A1E92792CDC000CBC503 /* Model.swift */,
				5152A1F12792CE8C00CBC503 /* DirectMessageVC.swift */,
				5152A1F82792D2BD00CBC503 /* TabVC.swift */,
				5152A1D32792C7E500CBC503 /* AppDelegate.swift */,
				5152A1D52792C7E500CBC503 /* SceneDelegate.swift */,
				5152A1DC2792C7E800CBC503 /* Assets.xcassets */,
				5152A1DE2792C7E800CBC503 /* LaunchScreen.storyboard */,
				5152A1E12792C7E800CBC503 /* Info.plist */,
			);
			path = ChatApp;
			sourceTree = "<group>";
		};
		5152A1F32792CEF100CBC503 /* Services */ = {
			isa = PBXGroup;
			children = (
				5152A1F62792CF3500CBC503 /* UsersService.swift */,
				5152A1F42792CF1500CBC503 /* MessagesService.swift */,
			);
			path = Services;
			sourceTree = "<group>";
		};
		D27D3D92B72CF3355F663ADA /* Pods */ = {
			isa = PBXGroup;
			children = (
				C3366EEAFC7D4E7B14EC6B03 /* Pods-ChatApp.debug.xcconfig */,
				1B207FE67D78AABD49258302 /* Pods-ChatApp.release.xcconfig */,
			);
			path = Pods;
			sourceTree = "<group>";
		};
/* End PBXGroup section */

/* Begin PBXNativeTarget section */
		5152A1CF2792C7E500CBC503 /* ChatApp */ = {
			isa = PBXNativeTarget;
			buildConfigurationList = 5152A1E42792C7E800CBC503 /* Build configuration list for PBXNativeTarget "ChatApp" */;
			buildPhases = (
				399ABCC8AFBD75AB2F5C2F37 /* [CP] Check Pods Manifest.lock */,
				5152A1CC2792C7E500CBC503 /* Sources */,
				5152A1CD2792C7E500CBC503 /* Frameworks */,
				5152A1CE2792C7E500CBC503 /* Resources */,
				FF01487D54C03AB36F26E854 /* [CP] Embed Pods Frameworks */,
			);
			buildRules = (
			);
			dependencies = (
			);
			name = ChatApp;
			productName = ChatApp;
			productReference = 5152A1D02792C7E500CBC503 /* ChatApp.app */;
			productType = "com.apple.product-type.application";
		};
/* End PBXNativeTarget section */

/* Begin PBXProject section */
		5152A1C82792C7E500CBC503 /* Project object */ = {
			isa = PBXProject;
			attributes = {
				BuildIndependentTargetsInParallel = 1;
				LastSwiftUpdateCheck = 1300;
				LastUpgradeCheck = 1300;
				TargetAttributes = {
					5152A1CF2792C7E500CBC503 = {
						CreatedOnToolsVersion = 13.0;
					};
				};
			};
			buildConfigurationList = 5152A1CB2792C7E500CBC503 /* Build configuration list for PBXProject "ChatApp" */;
			compatibilityVersion = "Xcode 13.0";
			developmentRegion = en;
			hasScannedForEncodings = 0;
			knownRegions = (
				en,
				Base,
			);
			mainGroup = 5152A1C72792C7E500CBC503;
			productRefGroup = 5152A1D12792C7E500CBC503 /* Products */;
			projectDirPath = "";
			projectRoot = "";
			targets = (
				5152A1CF2792C7E500CBC503 /* ChatApp */,
			);
		};
/* End PBXProject section */

/* Begin PBXResourcesBuildPhase section */
		5152A1CE2792C7E500CBC503 /* Resources */ = {
			isa = PBXResourcesBuildPhase;
			buildActionMask = 2147483647;
			files = (
				5152A1E82792C9BA00CBC503 /* GoogleService-Info.plist in Resources */,
				5152A1E02792C7E800CBC503 /* LaunchScreen.storyboard in Resources */,
				5152A1DD2792C7E800CBC503 /* Assets.xcassets in Resources */,
			);
			runOnlyForDeploymentPostprocessing = 0;
		};
/* End PBXResourcesBuildPhase section */

/* Begin PBXShellScriptBuildPhase section */
		399ABCC8AFBD75AB2F5C2F37 /* [CP] Check Pods Manifest.lock */ = {
			isa = PBXShellScriptBuildPhase;
			buildActionMask = 2147483647;
			files = (
			);
			inputFileListPaths = (
			);
			inputPaths = (
				"${PODS_PODFILE_DIR_PATH}/Podfile.lock",
				"${PODS_ROOT}/Manifest.lock",
			);
			name = "[CP] Check Pods Manifest.lock";
			outputFileListPaths = (
			);
			outputPaths = (
				"$(DERIVED_FILE_DIR)/Pods-ChatApp-checkManifestLockResult.txt",
			);
			runOnlyForDeploymentPostprocessing = 0;
			shellPath = /bin/sh;
			shellScript = "diff \"${PODS_PODFILE_DIR_PATH}/Podfile.lock\" \"${PODS_ROOT}/Manifest.lock\" > /dev/null\nif [ $? != 0 ] ; then\n    # print error to STDERR\n    echo \"error: The sandbox is not in sync with the Podfile.lock. Run 'pod install' or update your CocoaPods installation.\" >&2\n    exit 1\nfi\n# This output is used by Xcode 'outputs' to avoid re-running this script phase.\necho \"SUCCESS\" > \"${SCRIPT_OUTPUT_FILE_0}\"\n";
			showEnvVarsInLog = 0;
		};
		FF01487D54C03AB36F26E854 /* [CP] Embed Pods Frameworks */ = {
			isa = PBXShellScriptBuildPhase;
			buildActionMask = 2147483647;
			files = (
			);
			inputFileListPaths = (
				"${PODS_ROOT}/Target Support Files/Pods-ChatApp/Pods-ChatApp-frameworks-${CONFIGURATION}-input-files.xcfilelist",
			);
			name = "[CP] Embed Pods Frameworks";
			outputFileListPaths = (
				"${PODS_ROOT}/Target Support Files/Pods-ChatApp/Pods-ChatApp-frameworks-${CONFIGURATION}-output-files.xcfilelist",
			);
			runOnlyForDeploymentPostprocessing = 0;
			shellPath = /bin/sh;
			shellScript = "\"${PODS_ROOT}/Target Support Files/Pods-ChatApp/Pods-ChatApp-frameworks.sh\"\n";
			showEnvVarsInLog = 0;
		};
/* End PBXShellScriptBuildPhase section */

/* Begin PBXSourcesBuildPhase section */
		5152A1CC2792C7E500CBC503 /* Sources */ = {
			isa = PBXSourcesBuildPhase;
			buildActionMask = 2147483647;
			files = (
				5152A1D82792C7E500CBC503 /* ViewController.swift in Sources */,
				5152A1F52792CF1500CBC503 /* MessagesService.swift in Sources */,
				5152A1D42792C7E500CBC503 /* AppDelegate.swift in Sources */,
				5152A1F72792CF3500CBC503 /* UsersService.swift in Sources */,
				5152A1F22792CE8C00CBC503 /* DirectMessageVC.swift in Sources */,
				5152A1D62792C7E500CBC503 /* SceneDelegate.swift in Sources */,
				5152A1EA2792CDC000CBC503 /* Model.swift in Sources */,
				5152A1EC2792CDE600CBC503 /* LoginVC.swift in Sources */,
				5152A1F92792D2BD00CBC503 /* TabVC.swift in Sources */,
				5152A1EE2792CE4A00CBC503 /* ContactsVC.swift in Sources */,
			);
			runOnlyForDeploymentPostprocessing = 0;
		};
/* End PBXSourcesBuildPhase section */

/* Begin PBXVariantGroup section */
		5152A1DE2792C7E800CBC503 /* LaunchScreen.storyboard */ = {
			isa = PBXVariantGroup;
			children = (
				5152A1DF2792C7E800CBC503 /* Base */,
			);
			name = LaunchScreen.storyboard;
			sourceTree = "<group>";
		};
/* End PBXVariantGroup section */

/* Begin XCBuildConfiguration section */
		5152A1E22792C7E800CBC503 /* Debug */ = {
			isa = XCBuildConfiguration;
			buildSettings = {
				ALWAYS_SEARCH_USER_PATHS = NO;
				CLANG_ANALYZER_NONNULL = YES;
				CLANG_ANALYZER_NUMBER_OBJECT_CONVERSION = YES_AGGRESSIVE;
				CLANG_CXX_LANGUAGE_STANDARD = "gnu++17";
				CLANG_CXX_LIBRARY = "libc++";
				CLANG_ENABLE_MODULES = YES;
				CLANG_ENABLE_OBJC_ARC = YES;
				CLANG_ENABLE_OBJC_WEAK = YES;
				CLANG_WARN_BLOCK_CAPTURE_AUTORELEASING = YES;
				CLANG_WARN_BOOL_CONVERSION = YES;
				CLANG_WARN_COMMA = YES;
				CLANG_WARN_CONSTANT_CONVERSION = YES;
				CLANG_WARN_DEPRECATED_OBJC_IMPLEMENTATIONS = YES;
				CLANG_WARN_DIRECT_OBJC_ISA_USAGE = YES_ERROR;
				CLANG_WARN_DOCUMENTATION_COMMENTS = YES;
				CLANG_WARN_EMPTY_BODY = YES;
				CLANG_WARN_ENUM_CONVERSION = YES;
				CLANG_WARN_INFINITE_RECURSION = YES;
				CLANG_WARN_INT_CONVERSION = YES;
				CLANG_WARN_NON_LITERAL_NULL_CONVERSION = YES;
				CLANG_WARN_OBJC_IMPLICIT_RETAIN_SELF = YES;
				CLANG_WARN_OBJC_LITERAL_CONVERSION = YES;
				CLANG_WARN_OBJC_ROOT_CLASS = YES_ERROR;
				CLANG_WARN_QUOTED_INCLUDE_IN_FRAMEWORK_HEADER = YES;
				CLANG_WARN_RANGE_LOOP_ANALYSIS = YES;
				CLANG_WARN_STRICT_PROTOTYPES = YES;
				CLANG_WARN_SUSPICIOUS_MOVE = YES;
				CLANG_WARN_UNGUARDED_AVAILABILITY = YES_AGGRESSIVE;
				CLANG_WARN_UNREACHABLE_CODE = YES;
				CLANG_WARN__DUPLICATE_METHOD_MATCH = YES;
				COPY_PHASE_STRIP = NO;
				DEBUG_INFORMATION_FORMAT = dwarf;
				ENABLE_STRICT_OBJC_MSGSEND = YES;
				ENABLE_TESTABILITY = YES;
				GCC_C_LANGUAGE_STANDARD = gnu11;
				GCC_DYNAMIC_NO_PIC = NO;
				GCC_NO_COMMON_BLOCKS = YES;
				GCC_OPTIMIZATION_LEVEL = 0;
				GCC_PREPROCESSOR_DEFINITIONS = (
					"DEBUG=1",
					"$(inherited)",
				);
				GCC_WARN_64_TO_32_BIT_CONVERSION = YES;
				GCC_WARN_ABOUT_RETURN_TYPE = YES_ERROR;
				GCC_WARN_UNDECLARED_SELECTOR = YES;
				GCC_WARN_UNINITIALIZED_AUTOS = YES_AGGRESSIVE;
				GCC_WARN_UNUSED_FUNCTION = YES;
				GCC_WARN_UNUSED_VARIABLE = YES;
				IPHONEOS_DEPLOYMENT_TARGET = 15.0;
				MTL_ENABLE_DEBUG_INFO = INCLUDE_SOURCE;
				MTL_FAST_MATH = YES;
				ONLY_ACTIVE_ARCH = YES;
				SDKROOT = iphoneos;
				SWIFT_ACTIVE_COMPILATION_CONDITIONS = DEBUG;
				SWIFT_OPTIMIZATION_LEVEL = "-Onone";
			};
			name = Debug;
		};
		5152A1E32792C7E800CBC503 /* Release */ = {
			isa = XCBuildConfiguration;
			buildSettings = {
				ALWAYS_SEARCH_USER_PATHS = NO;
				CLANG_ANALYZER_NONNULL = YES;
				CLANG_ANALYZER_NUMBER_OBJECT_CONVERSION = YES_AGGRESSIVE;
				CLANG_CXX_LANGUAGE_STANDARD = "gnu++17";
				CLANG_CXX_LIBRARY = "libc++";
				CLANG_ENABLE_MODULES = YES;
				CLANG_ENABLE_OBJC_ARC = YES;
				CLANG_ENABLE_OBJC_WEAK = YES;
				CLANG_WARN_BLOCK_CAPTURE_AUTORELEASING = YES;
				CLANG_WARN_BOOL_CONVERSION = YES;
				CLANG_WARN_COMMA = YES;
				CLANG_WARN_CONSTANT_CONVERSION = YES;
				CLANG_WARN_DEPRECATED_OBJC_IMPLEMENTATIONS = YES;
				CLANG_WARN_DIRECT_OBJC_ISA_USAGE = YES_ERROR;
				CLANG_WARN_DOCUMENTATION_COMMENTS = YES;
				CLANG_WARN_EMPTY_BODY = YES;
				CLANG_WARN_ENUM_CONVERSION = YES;
				CLANG_WARN_INFINITE_RECURSION = YES;
				CLANG_WARN_INT_CONVERSION = YES;
				CLANG_WARN_NON_LITERAL_NULL_CONVERSION = YES;
				CLANG_WARN_OBJC_IMPLICIT_RETAIN_SELF = YES;
				CLANG_WARN_OBJC_LITERAL_CONVERSION = YES;
				CLANG_WARN_OBJC_ROOT_CLASS = YES_ERROR;
				CLANG_WARN_QUOTED_INCLUDE_IN_FRAMEWORK_HEADER = YES;
				CLANG_WARN_RANGE_LOOP_ANALYSIS = YES;
				CLANG_WARN_STRICT_PROTOTYPES = YES;
				CLANG_WARN_SUSPICIOUS_MOVE = YES;
				CLANG_WARN_UNGUARDED_AVAILABILITY = YES_AGGRESSIVE;
				CLANG_WARN_UNREACHABLE_CODE = YES;
				CLANG_WARN__DUPLICATE_METHOD_MATCH = YES;
				COPY_PHASE_STRIP = NO;
				DEBUG_INFORMATION_FORMAT = "dwarf-with-dsym";
				ENABLE_NS_ASSERTIONS = NO;
				ENABLE_STRICT_OBJC_MSGSEND = YES;
				GCC_C_LANGUAGE_STANDARD = gnu11;
				GCC_NO_COMMON_BLOCKS = YES;
				GCC_WARN_64_TO_32_BIT_CONVERSION = YES;
				GCC_WARN_ABOUT_RETURN_TYPE = YES_ERROR;
				GCC_WARN_UNDECLARED_SELECTOR = YES;
				GCC_WARN_UNINITIALIZED_AUTOS = YES_AGGRESSIVE;
				GCC_WARN_UNUSED_FUNCTION = YES;
				GCC_WARN_UNUSED_VARIABLE = YES;
				IPHONEOS_DEPLOYMENT_TARGET = 15.0;
				MTL_ENABLE_DEBUG_INFO = NO;
				MTL_FAST_MATH = YES;
				SDKROOT = iphoneos;
				SWIFT_COMPILATION_MODE = wholemodule;
				SWIFT_OPTIMIZATION_LEVEL = "-O";
				VALIDATE_PRODUCT = YES;
			};
			name = Release;
		};
		5152A1E52792C7E800CBC503 /* Debug */ = {
			isa = XCBuildConfiguration;
			baseConfigurationReference = C3366EEAFC7D4E7B14EC6B03 /* Pods-ChatApp.debug.xcconfig */;
			buildSettings = {
				ASSETCATALOG_COMPILER_APPICON_NAME = AppIcon;
				ASSETCATALOG_COMPILER_GLOBAL_ACCENT_COLOR_NAME = AccentColor;
				CODE_SIGN_STYLE = Automatic;
				CURRENT_PROJECT_VERSION = 1;
				DEVELOPMENT_TEAM = R45CVNVGSJ;
				GENERATE_INFOPLIST_FILE = YES;
				INFOPLIST_FILE = ChatApp/Info.plist;
				INFOPLIST_KEY_UIApplicationSupportsIndirectInputEvents = YES;
				INFOPLIST_KEY_UILaunchStoryboardName = LaunchScreen;
				INFOPLIST_KEY_UISupportedInterfaceOrientations_iPad = "UIInterfaceOrientationPortrait UIInterfaceOrientationPortraitUpsideDown UIInterfaceOrientationLandscapeLeft UIInterfaceOrientationLandscapeRight";
				INFOPLIST_KEY_UISupportedInterfaceOrientations_iPhone = "UIInterfaceOrientationPortrait UIInterfaceOrientationLandscapeLeft UIInterfaceOrientationLandscapeRight";
				LD_RUNPATH_SEARCH_PATHS = (
					"$(inherited)",
					"@executable_path/Frameworks",
				);
				MARKETING_VERSION = 1.0;
				PRODUCT_BUNDLE_IDENTIFIER = maram.ChatApp;
				PRODUCT_NAME = "$(TARGET_NAME)";
				SWIFT_EMIT_LOC_STRINGS = YES;
				SWIFT_VERSION = 5.0;
				TARGETED_DEVICE_FAMILY = "1,2";
			};
			name = Debug;
		};
		5152A1E62792C7E800CBC503 /* Release */ = {
			isa = XCBuildConfiguration;
			baseConfigurationReference = 1B207FE67D78AABD49258302 /* Pods-ChatApp.release.xcconfig */;
			buildSettings = {
				ASSETCATALOG_COMPILER_APPICON_NAME = AppIcon;
				ASSETCATALOG_COMPILER_GLOBAL_ACCENT_COLOR_NAME = AccentColor;
				CODE_SIGN_STYLE = Automatic;
				CURRENT_PROJECT_VERSION = 1;
				DEVELOPMENT_TEAM = R45CVNVGSJ;
				GENERATE_INFOPLIST_FILE = YES;
				INFOPLIST_FILE = ChatApp/Info.plist;
				INFOPLIST_KEY_UIApplicationSupportsIndirectInputEvents = YES;
				INFOPLIST_KEY_UILaunchStoryboardName = LaunchScreen;
				INFOPLIST_KEY_UISupportedInterfaceOrientations_iPad = "UIInterfaceOrientationPortrait UIInterfaceOrientationPortraitUpsideDown UIInterfaceOrientationLandscapeLeft UIInterfaceOrientationLandscapeRight";
				INFOPLIST_KEY_UISupportedInterfaceOrientations_iPhone = "UIInterfaceOrientationPortrait UIInterfaceOrientationLandscapeLeft UIInterfaceOrientationLandscapeRight";
				LD_RUNPATH_SEARCH_PATHS = (
					"$(inherited)",
					"@executable_path/Frameworks",
				);
				MARKETING_VERSION = 1.0;
				PRODUCT_BUNDLE_IDENTIFIER = maram.ChatApp;
				PRODUCT_NAME = "$(TARGET_NAME)";
				SWIFT_EMIT_LOC_STRINGS = YES;
				SWIFT_VERSION = 5.0;
				TARGETED_DEVICE_FAMILY = "1,2";
			};
			name = Release;
		};
/* End XCBuildConfiguration section */

/* Begin XCConfigurationList section */
		5152A1CB2792C7E500CBC503 /* Build configuration list for PBXProject "ChatApp" */ = {
			isa = XCConfigurationList;
			buildConfigurations = (
				5152A1E22792C7E800CBC503 /* Debug */,
				5152A1E32792C7E800CBC503 /* Release */,
			);
			defaultConfigurationIsVisible = 0;
			defaultConfigurationName = Release;
		};
		5152A1E42792C7E800CBC503 /* Build configuration list for PBXNativeTarget "ChatApp" */ = {
			isa = XCConfigurationList;
			buildConfigurations = (
				5152A1E52792C7E800CBC503 /* Debug */,
				5152A1E62792C7E800CBC503 /* Release */,
			);
			defaultConfigurationIsVisible = 0;
			defaultConfigurationName = Release;
		};
/* End XCConfigurationList section */
	};
	rootObject = 5152A1C82792C7E500CBC503 /* Project object */;
}
